
Microsoft Visual Studio Solution File, Format Version 12.00
# Visual Studio 15
VisualStudioVersion = 15.0.27703.2000
MinimumVisualStudioVersion = 10.0.40219.1
Project("{FAE04EC0-301F-11D3-BF4B-00C04F79EFBC}") = "TestingInLab", "TestingInLab\TestingInLab.csproj", "{9CD274C2-198C-4249-862D-F5B9939AC8E0}"
EndProject
Global
	GlobalSection(SolutionConfigurationPlatforms) = preSolution
		Debug|Any CPU = Debug|Any CPU
		Release|Any CPU = Release|Any CPU
	EndGlobalSection
	GlobalSection(ProjectConfigurationPlatforms) = postSolution
		{9CD274C2-198C-4249-862D-F5B9939AC8E0}.Debug|Any CPU.ActiveCfg = Debug|Any CPU
		{9CD274C2-198C-4249-862D-F5B9939AC8E0}.Debug|Any CPU.Build.0 = Debug|Any CPU
		{9CD274C2-198C-4249-862D-F5B9939AC8E0}.Release|Any CPU.ActiveCfg = Release|Any CPU
		{9CD274C2-198C-4249-862D-F5B9939AC8E0}.Release|Any CPU.Build.0 = Release|Any CPU
	EndGlobalSection
	GlobalSection(SolutionProperties) = preSolution
		HideSolutionNode = FALSE
	EndGlobalSection
	GlobalSection(ExtensibilityGlobals) = postSolution
		SolutionGuid = {F641E476-A7BB-48A7-943E-D674951A9CA6}
	EndGlobalSection
EndGlobal
